
Microsoft Visual Studio Solution File, Format Version 12.00
# Visual Studio Version 17
VisualStudioVersion = 17.0.31903.59
MinimumVisualStudioVersion = 10.0.40219.1
Project("{9A19103F-16F7-4668-BE54-9A1E7A4F7556}") = "ScreenSound", "ScreenSound\ScreenSound.csproj", "{A9CCE41C-6657-42BF-AED4-F3F578033037}"
EndProject
Project("{FAE04EC0-301F-11D3-BF4B-00C04F79EFBC}") = "ScreenSound.API", "ScreenSound.API\ScreenSound.API.csproj", "{A47750C7-A337-4E56-8347-FC2344CE9ED3}"
EndProject
Project("{FAE04EC0-301F-11D3-BF4B-00C04F79EFBC}") = "ScreenSound.Shared.Modelos", "ScreenSound.Shared.Modelos\ScreenSound.Shared.Modelos.csproj", "{5141CB12-3BFF-49E4-A2EA-B313A087C7C2}"
EndProject
Project("{FAE04EC0-301F-11D3-BF4B-00C04F79EFBC}") = "ScreenSound.Shared.Dados", "ScreenSound.Shared.Dados\ScreenSound.Shared.Dados.csproj", "{2B0728CA-4386-4954-BABF-9961BE1597D3}"
EndProject
Global
	GlobalSection(SolutionConfigurationPlatforms) = preSolution
		Debug|Any CPU = Debug|Any CPU
		Release|Any CPU = Release|Any CPU
	EndGlobalSection
	GlobalSection(ProjectConfigurationPlatforms) = postSolution
		{A9CCE41C-6657-42BF-AED4-F3F578033037}.Debug|Any CPU.ActiveCfg = Debug|Any CPU
		{A9CCE41C-6657-42BF-AED4-F3F578033037}.Debug|Any CPU.Build.0 = Debug|Any CPU
		{A9CCE41C-6657-42BF-AED4-F3F578033037}.Release|Any CPU.ActiveCfg = Release|Any CPU
		{A9CCE41C-6657-42BF-AED4-F3F578033037}.Release|Any CPU.Build.0 = Release|Any CPU
		{A47750C7-A337-4E56-8347-FC2344CE9ED3}.Debug|Any CPU.ActiveCfg = Debug|Any CPU
		{A47750C7-A337-4E56-8347-FC2344CE9ED3}.Debug|Any CPU.Build.0 = Debug|Any CPU
		{A47750C7-A337-4E56-8347-FC2344CE9ED3}.Release|Any CPU.ActiveCfg = Release|Any CPU
		{A47750C7-A337-4E56-8347-FC2344CE9ED3}.Release|Any CPU.Build.0 = Release|Any CPU
		{5141CB12-3BFF-49E4-A2EA-B313A087C7C2}.Debug|Any CPU.ActiveCfg = Debug|Any CPU
		{5141CB12-3BFF-49E4-A2EA-B313A087C7C2}.Debug|Any CPU.Build.0 = Debug|Any CPU
		{5141CB12-3BFF-49E4-A2EA-B313A087C7C2}.Release|Any CPU.ActiveCfg = Release|Any CPU
		{5141CB12-3BFF-49E4-A2EA-B313A087C7C2}.Release|Any CPU.Build.0 = Release|Any CPU
		{2B0728CA-4386-4954-BABF-9961BE1597D3}.Debug|Any CPU.ActiveCfg = Debug|Any CPU
		{2B0728CA-4386-4954-BABF-9961BE1597D3}.Debug|Any CPU.Build.0 = Debug|Any CPU
		{2B0728CA-4386-4954-BABF-9961BE1597D3}.Release|Any CPU.ActiveCfg = Release|Any CPU
		{2B0728CA-4386-4954-BABF-9961BE1597D3}.Release|Any CPU.Build.0 = Release|Any CPU
	EndGlobalSection
	GlobalSection(SolutionProperties) = preSolution
		HideSolutionNode = FALSE
	EndGlobalSection
	GlobalSection(ExtensibilityGlobals) = postSolution
		SolutionGuid = {6D891CC2-F111-4AB6-8D4D-0AE1E6600306}
	EndGlobalSection
EndGlobal
